{
  "name": "motion",
  "version": "1.0.0",
  "lockfileVersion": 1,
  "requires": true,
  "dependencies": {
    "@createjs/core": {
      "version": "2.0.0-beta.1",
      "resolved": "https://registry.npmjs.org/@createjs/core/-/core-2.0.0-beta.1.tgz",
      "integrity": "sha512-Mw3pQJfSYpMwYSghTNT/Rz/xRQT/wjBLZOA/ZNGlepcT65i5Gg7BeprgHPO7FDqKBk02m1dVB2zL56QXNh8E9Q=="
    },
    "@createjs/tweenjs": {
      "version": "2.0.0-beta.1",
      "resolved": "https://registry.npmjs.org/@createjs/tweenjs/-/tweenjs-2.0.0-beta.1.tgz",
      "integrity": "sha512-sGf+M+AepAB9kEyRuYGN/swk/izC7umJ6jD3I/1YfLHPdUsZGAAhq7anmd7Mk3atrjrcYNiSGUPk63J5oIzPGw==",
      "requires": {
        "@createjs/core": "^2.0.0-beta.1"
      }
    },
    "jquery": {
      "version": "3.3.1",
      "resolved": "https://registry.npmjs.org/jquery/-/jquery-3.3.1.tgz",
      "integrity": "sha512-Ubldcmxp5np52/ENotGxlLe6aGMvmF4R8S6tZjsP6Knsaxd/xp3Zrh50cG93lR6nPXyUFwzN3ZSOQI0wRJNdGg=="
    },
    "lodash": {
      "version": "4.17.10",
      "resolved": "https://registry.npmjs.org/lodash/-/lodash-4.17.10.tgz",
      "integrity": "sha512-UejweD1pDoXu+AD825lWwp4ZGtSwgnpZxb3JDViD7StjQz+Nb/6l093lx4OQ0foGWNRoc19mWy7BzL+UAK2iVg=="
    },
    "two.js": {
      "version": "0.7.0-alpha.1",
      "resolved": "https://registry.npmjs.org/two.js/-/two.js-0.7.0-alpha.1.tgz",
      "integrity": "sha1-haRewi/T6NJ2eW4Bl+WHcZIApZg="
    }
  }
}
